
Microsoft Visual Studio Solution File, Format Version 12.00
Project("{2150E333-8FDC-42A3-9474-1A3956D46DE8}") = "Solution Items", "Solution Items", "{949DA54D-0A9F-4335-8F43-A9CEEA0EBCC5}"
	ProjectSection(SolutionItems) = preProject
		compose.yaml = compose.yaml
	EndProjectSection
EndProject
Project("{2150E333-8FDC-42A3-9474-1A3956D46DE8}") = "Services", "Services", "{4A232DF4-8CE0-4486-868D-8281B4436AA9}"
EndProject
Project("{FAE04EC0-301F-11D3-BF4B-00C04F79EFBC}") = "Product.Api", "Product.Api\Product.Api.csproj", "{8C3CFFF9-5E69-4B91-BF08-7DC7BEFE38BA}"
EndProject
Project("{2150E333-8FDC-42A3-9474-1A3956D46DE8}") = "Products", "Products", "{0317BB68-302E-44B1-B935-CC4C4964CCEE}"
EndProject
Project("{FAE04EC0-301F-11D3-BF4B-00C04F79EFBC}") = "Sale.Api", "Sale.Api\Sale.Api.csproj", "{E313AE63-D261-48B1-9073-42942B3EB8D6}"
EndProject
Project("{2150E333-8FDC-42A3-9474-1A3956D46DE8}") = "Sales", "Sales", "{630861E1-9387-466E-A8F7-2A8354C94AEB}"
EndProject
Project("{2150E333-8FDC-42A3-9474-1A3956D46DE8}") = "Users", "Users", "{6F903FDD-5EF5-4FF0-9ABE-2FB381EC0377}"
EndProject
Project("{FAE04EC0-301F-11D3-BF4B-00C04F79EFBC}") = "User.Api", "User.Api\User.Api.csproj", "{449F3D97-71C1-4180-9093-9EA93BD56929}"
EndProject
Project("{2150E333-8FDC-42A3-9474-1A3956D46DE8}") = "Gateway", "Gateway", "{E7421DEA-DFE8-43C5-88E4-0AABF0227206}"
EndProject
Project("{FAE04EC0-301F-11D3-BF4B-00C04F79EFBC}") = "Gateway.Api", "Gateway.Api\Gateway.Api.csproj", "{DF36E1B4-A35C-49FF-8690-6F5C6796F672}"
EndProject
Project("{2150E333-8FDC-42A3-9474-1A3956D46DE8}") = "Authentication", "Authentication", "{9C62007F-62F8-4BB2-B861-76A6A24C71EE}"
EndProject
Project("{FAE04EC0-301F-11D3-BF4B-00C04F79EFBC}") = "Auth.Api", "Auth.Api\Auth.Api.csproj", "{FE116926-4CAC-47EA-9225-205ECB6D2A1E}"
EndProject
Global
	GlobalSection(SolutionConfigurationPlatforms) = preSolution
		Debug|Any CPU = Debug|Any CPU
		Release|Any CPU = Release|Any CPU
	EndGlobalSection
	GlobalSection(ProjectConfigurationPlatforms) = postSolution
		{8C3CFFF9-5E69-4B91-BF08-7DC7BEFE38BA}.Debug|Any CPU.ActiveCfg = Debug|Any CPU
		{8C3CFFF9-5E69-4B91-BF08-7DC7BEFE38BA}.Debug|Any CPU.Build.0 = Debug|Any CPU
		{8C3CFFF9-5E69-4B91-BF08-7DC7BEFE38BA}.Release|Any CPU.ActiveCfg = Release|Any CPU
		{8C3CFFF9-5E69-4B91-BF08-7DC7BEFE38BA}.Release|Any CPU.Build.0 = Release|Any CPU
		{E313AE63-D261-48B1-9073-42942B3EB8D6}.Debug|Any CPU.ActiveCfg = Debug|Any CPU
		{E313AE63-D261-48B1-9073-42942B3EB8D6}.Debug|Any CPU.Build.0 = Debug|Any CPU
		{E313AE63-D261-48B1-9073-42942B3EB8D6}.Release|Any CPU.ActiveCfg = Release|Any CPU
		{E313AE63-D261-48B1-9073-42942B3EB8D6}.Release|Any CPU.Build.0 = Release|Any CPU
		{449F3D97-71C1-4180-9093-9EA93BD56929}.Debug|Any CPU.ActiveCfg = Debug|Any CPU
		{449F3D97-71C1-4180-9093-9EA93BD56929}.Debug|Any CPU.Build.0 = Debug|Any CPU
		{449F3D97-71C1-4180-9093-9EA93BD56929}.Release|Any CPU.ActiveCfg = Release|Any CPU
		{449F3D97-71C1-4180-9093-9EA93BD56929}.Release|Any CPU.Build.0 = Release|Any CPU
		{DF36E1B4-A35C-49FF-8690-6F5C6796F672}.Debug|Any CPU.ActiveCfg = Debug|Any CPU
		{DF36E1B4-A35C-49FF-8690-6F5C6796F672}.Debug|Any CPU.Build.0 = Debug|Any CPU
		{DF36E1B4-A35C-49FF-8690-6F5C6796F672}.Release|Any CPU.ActiveCfg = Release|Any CPU
		{DF36E1B4-A35C-49FF-8690-6F5C6796F672}.Release|Any CPU.Build.0 = Release|Any CPU
		{FE116926-4CAC-47EA-9225-205ECB6D2A1E}.Debug|Any CPU.ActiveCfg = Debug|Any CPU
		{FE116926-4CAC-47EA-9225-205ECB6D2A1E}.Debug|Any CPU.Build.0 = Debug|Any CPU
		{FE116926-4CAC-47EA-9225-205ECB6D2A1E}.Release|Any CPU.ActiveCfg = Release|Any CPU
		{FE116926-4CAC-47EA-9225-205ECB6D2A1E}.Release|Any CPU.Build.0 = Release|Any CPU
	EndGlobalSection
	GlobalSection(NestedProjects) = preSolution
		{0317BB68-302E-44B1-B935-CC4C4964CCEE} = {4A232DF4-8CE0-4486-868D-8281B4436AA9}
		{8C3CFFF9-5E69-4B91-BF08-7DC7BEFE38BA} = {0317BB68-302E-44B1-B935-CC4C4964CCEE}
		{630861E1-9387-466E-A8F7-2A8354C94AEB} = {4A232DF4-8CE0-4486-868D-8281B4436AA9}
		{E313AE63-D261-48B1-9073-42942B3EB8D6} = {630861E1-9387-466E-A8F7-2A8354C94AEB}
		{6F903FDD-5EF5-4FF0-9ABE-2FB381EC0377} = {4A232DF4-8CE0-4486-868D-8281B4436AA9}
		{449F3D97-71C1-4180-9093-9EA93BD56929} = {6F903FDD-5EF5-4FF0-9ABE-2FB381EC0377}
		{DF36E1B4-A35C-49FF-8690-6F5C6796F672} = {E7421DEA-DFE8-43C5-88E4-0AABF0227206}
		{9C62007F-62F8-4BB2-B861-76A6A24C71EE} = {4A232DF4-8CE0-4486-868D-8281B4436AA9}
		{FE116926-4CAC-47EA-9225-205ECB6D2A1E} = {9C62007F-62F8-4BB2-B861-76A6A24C71EE}
	EndGlobalSection
EndGlobal
